
Microsoft Visual Studio Solution File, Format Version 12.00
# Visual Studio Version 17
VisualStudioVersion = 17.3.32929.385
MinimumVisualStudioVersion = 10.0.40219.1
Project("{FAE04EC0-301F-11D3-BF4B-00C04F79EFBC}") = "FabricorsCanRepairMechs", "FabricorsCanRepairMechs.csproj", "{CE8F0BCD-8550-419F-8662-F2B62C4D14BD}"
EndProject
Global
	GlobalSection(SolutionConfigurationPlatforms) = preSolution
		Debug|Any CPU = Debug|Any CPU
		Release|Any CPU = Release|Any CPU
	EndGlobalSection
	GlobalSection(ProjectConfigurationPlatforms) = postSolution
		{CE8F0BCD-8550-419F-8662-F2B62C4D14BD}.Debug|Any CPU.ActiveCfg = Debug|Any CPU
		{CE8F0BCD-8550-419F-8662-F2B62C4D14BD}.Debug|Any CPU.Build.0 = Debug|Any CPU
		{CE8F0BCD-8550-419F-8662-F2B62C4D14BD}.Release|Any CPU.ActiveCfg = Release|Any CPU
		{CE8F0BCD-8550-419F-8662-F2B62C4D14BD}.Release|Any CPU.Build.0 = Release|Any CPU
	EndGlobalSection
	GlobalSection(SolutionProperties) = preSolution
		HideSolutionNode = FALSE
	EndGlobalSection
	GlobalSection(ExtensibilityGlobals) = postSolution
		SolutionGuid = {264F70D6-0A66-48AD-BC44-89891216E386}
	EndGlobalSection
EndGlobal
